
Microsoft Visual Studio Solution File, Format Version 12.00
# Visual Studio Version 16
VisualStudioVersion = 16.0.31605.320
MinimumVisualStudioVersion = 10.0.40219.1
Project("{FAE04EC0-301F-11D3-BF4B-00C04F79EFBC}") = "examen", "examen\examen.csproj", "{5AF01F15-A3EF-4986-AC57-E6F4AF161FF8}"
EndProject
Global
	GlobalSection(SolutionConfigurationPlatforms) = preSolution
		Debug|Any CPU = Debug|Any CPU
		Debug|x64 = Debug|x64
		Debug|x86 = Debug|x86
		Release|Any CPU = Release|Any CPU
		Release|x64 = Release|x64
		Release|x86 = Release|x86
		v1|Any CPU = v1|Any CPU
		v1|x64 = v1|x64
		v1|x86 = v1|x86
		v2|Any CPU = v2|Any CPU
		v2|x64 = v2|x64
		v2|x86 = v2|x86
	EndGlobalSection
	GlobalSection(ProjectConfigurationPlatforms) = postSolution
		{5AF01F15-A3EF-4986-AC57-E6F4AF161FF8}.Debug|Any CPU.ActiveCfg = Debug|Any CPU
		{5AF01F15-A3EF-4986-AC57-E6F4AF161FF8}.Debug|Any CPU.Build.0 = Debug|Any CPU
		{5AF01F15-A3EF-4986-AC57-E6F4AF161FF8}.Debug|x64.ActiveCfg = Debug|x64
		{5AF01F15-A3EF-4986-AC57-E6F4AF161FF8}.Debug|x64.Build.0 = Debug|x64
		{5AF01F15-A3EF-4986-AC57-E6F4AF161FF8}.Debug|x86.ActiveCfg = Debug|x86
		{5AF01F15-A3EF-4986-AC57-E6F4AF161FF8}.Debug|x86.Build.0 = Debug|x86
		{5AF01F15-A3EF-4986-AC57-E6F4AF161FF8}.Release|Any CPU.ActiveCfg = Release|Any CPU
		{5AF01F15-A3EF-4986-AC57-E6F4AF161FF8}.Release|Any CPU.Build.0 = Release|Any CPU
		{5AF01F15-A3EF-4986-AC57-E6F4AF161FF8}.Release|x64.ActiveCfg = Release|x64
		{5AF01F15-A3EF-4986-AC57-E6F4AF161FF8}.Release|x64.Build.0 = Release|x64
		{5AF01F15-A3EF-4986-AC57-E6F4AF161FF8}.Release|x86.ActiveCfg = Release|x86
		{5AF01F15-A3EF-4986-AC57-E6F4AF161FF8}.Release|x86.Build.0 = Release|x86
		{5AF01F15-A3EF-4986-AC57-E6F4AF161FF8}.v1|Any CPU.ActiveCfg = v1|Any CPU
		{5AF01F15-A3EF-4986-AC57-E6F4AF161FF8}.v1|Any CPU.Build.0 = v1|Any CPU
		{5AF01F15-A3EF-4986-AC57-E6F4AF161FF8}.v1|x64.ActiveCfg = v1|x64
		{5AF01F15-A3EF-4986-AC57-E6F4AF161FF8}.v1|x64.Build.0 = v1|x64
		{5AF01F15-A3EF-4986-AC57-E6F4AF161FF8}.v1|x86.ActiveCfg = v1|x86
		{5AF01F15-A3EF-4986-AC57-E6F4AF161FF8}.v1|x86.Build.0 = v1|x86
		{5AF01F15-A3EF-4986-AC57-E6F4AF161FF8}.v2|Any CPU.ActiveCfg = v2|Any CPU
		{5AF01F15-A3EF-4986-AC57-E6F4AF161FF8}.v2|Any CPU.Build.0 = v2|Any CPU
		{5AF01F15-A3EF-4986-AC57-E6F4AF161FF8}.v2|x64.ActiveCfg = v2|x64
		{5AF01F15-A3EF-4986-AC57-E6F4AF161FF8}.v2|x64.Build.0 = v2|x64
		{5AF01F15-A3EF-4986-AC57-E6F4AF161FF8}.v2|x86.ActiveCfg = v2|Any CPU
		{5AF01F15-A3EF-4986-AC57-E6F4AF161FF8}.v2|x86.Build.0 = v2|Any CPU
	EndGlobalSection
	GlobalSection(SolutionProperties) = preSolution
		HideSolutionNode = FALSE
	EndGlobalSection
	GlobalSection(ExtensibilityGlobals) = postSolution
		SolutionGuid = {88231BEF-8E49-4ADD-9EC9-2DFE87549A24}
	EndGlobalSection
EndGlobal
